// !$*UTF8*$!
{
	archiveVersion = 1;
	classes = {
	};
	objectVersion = 46;
	objects = {

/* Begin PBXBuildFile section */
		460C36041C92ABAA00CC35F1 /* AppDelegate.swift in Sources */ = {isa = PBXBuildFile; fileRef = 460C36031C92ABAA00CC35F1 /* AppDelegate.swift */; };
		460C36061C92ABAA00CC35F1 /* ViewController.swift in Sources */ = {isa = PBXBuildFile; fileRef = 460C36051C92ABAA00CC35F1 /* ViewController.swift */; };
		460C360B1C92ABAA00CC35F1 /* Assets.xcassets in Resources */ = {isa = PBXBuildFile; fileRef = 460C360A1C92ABAA00CC35F1 /* Assets.xcassets */; };
		460C360E1C92ABAA00CC35F1 /* LaunchScreen.storyboard in Resources */ = {isa = PBXBuildFile; fileRef = 460C360C1C92ABAA00CC35F1 /* LaunchScreen.storyboard */; };
/* End PBXBuildFile section */

/* Begin PBXFileReference section */
		460C36001C92ABAA00CC35F1 /* RoomSimulator.app */ = {isa = PBXFileReference; explicitFileType = wrapper.application; includeInIndex = 0; path = RoomSimulator.app; sourceTree = BUILT_PRODUCTS_DIR; };
		460C36031C92ABAA00CC35F1 /* AppDelegate.swift */ = {isa = PBXFileReference; lastKnownFileType = sourcecode.swift; path = AppDelegate.swift; sourceTree = "<group>"; };
		460C36051C92ABAA00CC35F1 /* ViewController.swift */ = {isa = PBXFileReference; lastKnownFileType = sourcecode.swift; path = ViewController.swift; sourceTree = "<group>"; };
		460C360A1C92ABAA00CC35F1 /* Assets.xcassets */ = {isa = PBXFileReference; lastKnownFileType = folder.assetcatalog; path = Assets.xcassets; sourceTree = "<group>"; };
		460C360D1C92ABAA00CC35F1 /* Base */ = {isa = PBXFileReference; lastKnownFileType = file.storyboard; name = Base; path = Base.lproj/LaunchScreen.storyboard; sourceTree = "<group>"; };
		460C360F1C92ABAA00CC35F1 /* Info.plist */ = {isa = PBXFileReference; lastKnownFileType = text.plist.xml; path = Info.plist; sourceTree = "<group>"; };
/* End PBXFileReference section */

/* Begin PBXFrameworksBuildPhase section */
		460C35FD1C92ABAA00CC35F1 /* Frameworks */ = {
			isa = PBXFrameworksBuildPhase;
			buildActionMask = 2147483647;
			files = (
			);
			runOnlyForDeploymentPostprocessing = 0;
		};
/* End PBXFrameworksBuildPhase section */

/* Begin PBXGroup section */
		460C35F71C92ABAA00CC35F1 = {
			isa = PBXGroup;
			children = (
				460C36021C92ABAA00CC35F1 /* RoomSimulator */,
				460C36011C92ABAA00CC35F1 /* Products */,
			);
			sourceTree = "<group>";
		};
		460C36011C92ABAA00CC35F1 /* Products */ = {
			isa = PBXGroup;
			children = (
				460C36001C92ABAA00CC35F1 /* RoomSimulator.app */,
			);
			name = Products;
			sourceTree = "<group>";
		};
		460C36021C92ABAA00CC35F1 /* RoomSimulator */ = {
			isa = PBXGroup;
			children = (
				460C36031C92ABAA00CC35F1 /* AppDelegate.swift */,
				460C36051C92ABAA00CC35F1 /* ViewController.swift */,
				460C360A1C92ABAA00CC35F1 /* Assets.xcassets */,
				460C360C1C92ABAA00CC35F1 /* LaunchScreen.storyboard */,
				460C360F1C92ABAA00CC35F1 /* Info.plist */,
			);
			path = RoomSimulator;
			sourceTree = "<group>";
		};
/* End PBXGroup section */

/* Begin PBXNativeTarget section */
		460C35FF1C92ABAA00CC35F1 /* RoomSimulator */ = {
			isa = PBXNativeTarget;
			buildConfigurationList = 460C36121C92ABAA00CC35F1 /* Build configuration list for PBXNativeTarget "RoomSimulator" */;
			buildPhases = (
				460C35FC1C92ABAA00CC35F1 /* Sources */,
				460C35FD1C92ABAA00CC35F1 /* Frameworks */,
				460C35FE1C92ABAA00CC35F1 /* Resources */,
			);
			buildRules = (
			);
			dependencies = (
			);
			name = RoomSimulator;
			productName = RoomSimulator;
			productReference = 460C36001C92ABAA00CC35F1 /* RoomSimulator.app */;
			productType = "com.apple.product-type.application";
		};
/* End PBXNativeTarget section */

/* Begin PBXProject section */
		460C35F81C92ABAA00CC35F1 /* Project object */ = {
			isa = PBXProject;
			attributes = {
				LastSwiftUpdateCheck = 0720;
				LastUpgradeCheck = 0720;
				ORGANIZATIONNAME = "Michigan Hackers";
				TargetAttributes = {
					460C35FF1C92ABAA00CC35F1 = {
						CreatedOnToolsVersion = 7.2.1;
					};
				};
			};
			buildConfigurationList = 460C35FB1C92ABAA00CC35F1 /* Build configuration list for PBXProject "RoomSimulator" */;
			compatibilityVersion = "Xcode 3.2";
			developmentRegion = English;
			hasScannedForEncodings = 0;
			knownRegions = (
				en,
				Base,
			);
			mainGroup = 460C35F71C92ABAA00CC35F1;
			productRefGroup = 460C36011C92ABAA00CC35F1 /* Products */;
			projectDirPath = "";
			projectRoot = "";
			targets = (
				460C35FF1C92ABAA00CC35F1 /* RoomSimulator */,
			);
		};
/* End PBXProject section */

/* Begin PBXResourcesBuildPhase section */
		460C35FE1C92ABAA00CC35F1 /* Resources */ = {
			isa = PBXResourcesBuildPhase;
			buildActionMask = 2147483647;
			files = (
				460C360E1C92ABAA00CC35F1 /* LaunchScreen.storyboard in Resources */,
				460C360B1C92ABAA00CC35F1 /* Assets.xcassets in Resources */,
			);
			runOnlyForDeploymentPostprocessing = 0;
		};
/* End PBXResourcesBuildPhase section */

/* Begin PBXSourcesBuildPhase section */
		460C35FC1C92ABAA00CC35F1 /* Sources */ = {
			isa = PBXSourcesBuildPhase;
			buildActionMask = 2147483647;
			files = (
				460C36061C92ABAA00CC35F1 /* ViewController.swift in Sources */,
				460C36041C92ABAA00CC35F1 /* AppDelegate.swift in Sources */,
			);
			runOnlyForDeploymentPostprocessing = 0;
		};
/* End PBXSourcesBuildPhase section */

/* Begin PBXVariantGroup section */
		460C360C1C92ABAA00CC35F1 /* LaunchScreen.storyboard */ = {
			isa = PBXVariantGroup;
			children = (
				460C360D1C92ABAA00CC35F1 /* Base */,
			);
			name = LaunchScreen.storyboard;
			sourceTree = "<group>";
		};
/* End PBXVariantGroup section */

/* Begin XCBuildConfiguration section */
		460C36101C92ABAA00CC35F1 /* Debug */ = {
			isa = XCBuildConfiguration;
			buildSettings = {
				ALWAYS_SEARCH_USER_PATHS = NO;
				CLANG_CXX_LANGUAGE_STANDARD = "gnu++0x";
				CLANG_CXX_LIBRARY = "libc++";
				CLANG_ENABLE_MODULES = YES;
				CLANG_ENABLE_OBJC_ARC = YES;
				CLANG_WARN_BOOL_CONVERSION = YES;
				CLANG_WARN_CONSTANT_CONVERSION = YES;
				CLANG_WARN_DIRECT_OBJC_ISA_USAGE = YES_ERROR;
				CLANG_WARN_EMPTY_BODY = YES;
				CLANG_WARN_ENUM_CONVERSION = YES;
				CLANG_WARN_INT_CONVERSION = YES;
				CLANG_WARN_OBJC_ROOT_CLASS = YES_ERROR;
				CLANG_WARN_UNREACHABLE_CODE = YES;
				CLANG_WARN__DUPLICATE_METHOD_MATCH = YES;
				"CODE_SIGN_IDENTITY[sdk=iphoneos*]" = "iPhone Developer";
				COPY_PHASE_STRIP = NO;
				DEBUG_INFORMATION_FORMAT = dwarf;
				ENABLE_STRICT_OBJC_MSGSEND = YES;
				ENABLE_TESTABILITY = YES;
				GCC_C_LANGUAGE_STANDARD = gnu99;
				GCC_DYNAMIC_NO_PIC = NO;
				GCC_NO_COMMON_BLOCKS = YES;
				GCC_OPTIMIZATION_LEVEL = 0;
				GCC_PREPROCESSOR_DEFINITIONS = (
					"DEBUG=1",
					"$(inherited)",
				);
				GCC_WARN_64_TO_32_BIT_CONVERSION = YES;
				GCC_WARN_ABOUT_RETURN_TYPE = YES_ERROR;
				GCC_WARN_UNDECLARED_SELECTOR = YES;
				GCC_WARN_UNINITIALIZED_AUTOS = YES_AGGRESSIVE;
				GCC_WARN_UNUSED_FUNCTION = YES;
				GCC_WARN_UNUSED_VARIABLE = YES;
				IPHONEOS_DEPLOYMENT_TARGET = 9.2;
				MTL_ENABLE_DEBUG_INFO = YES;
				ONLY_ACTIVE_ARCH = YES;
				SDKROOT = iphoneos;
				SWIFT_OPTIMIZATION_LEVEL = "-Onone";
				TARGETED_DEVICE_FAMILY = "1,2";
			};
			name = Debug;
		};
		460C36111C92ABAA00CC35F1 /* Release */ = {
			isa = XCBuildConfiguration;
			buildSettings = {
				ALWAYS_SEARCH_USER_PATHS = NO;
				CLANG_CXX_LANGUAGE_STANDARD = "gnu++0x";
				CLANG_CXX_LIBRARY = "libc++";
				CLANG_ENABLE_MODULES = YES;
				CLANG_ENABLE_OBJC_ARC = YES;
				CLANG_WARN_BOOL_CONVERSION = YES;
				CLANG_WARN_CONSTANT_CONVERSION = YES;
				CLANG_WARN_DIRECT_OBJC_ISA_USAGE = YES_ERROR;
				CLANG_WARN_EMPTY_BODY = YES;
				CLANG_WARN_ENUM_CONVERSION = YES;
				CLANG_WARN_INT_CONVERSION = YES;
				CLANG_WARN_OBJC_ROOT_CLASS = YES_ERROR;
				CLANG_WARN_UNREACHABLE_CODE = YES;
				CLANG_WARN__DUPLICATE_METHOD_MATCH = YES;
				"CODE_SIGN_IDENTITY[sdk=iphoneos*]" = "iPhone Developer";
				COPY_PHASE_STRIP = NO;
				DEBUG_INFORMATION_FORMAT = "dwarf-with-dsym";
				ENABLE_NS_ASSERTIONS = NO;
				ENABLE_STRICT_OBJC_MSGSEND = YES;
				GCC_C_LANGUAGE_STANDARD = gnu99;
				GCC_NO_COMMON_BLOCKS = YES;
				GCC_WARN_64_TO_32_BIT_CONVERSION = YES;
				GCC_WARN_ABOUT_RETURN_TYPE = YES_ERROR;
				GCC_WARN_UNDECLARED_SELECTOR = YES;
				GCC_WARN_UNINITIALIZED_AUTOS = YES_AGGRESSIVE;
				GCC_WARN_UNUSED_FUNCTION = YES;
				GCC_WARN_UNUSED_VARIABLE = YES;
				IPHONEOS_DEPLOYMENT_TARGET = 9.2;
				MTL_ENABLE_DEBUG_INFO = NO;
				SDKROOT = iphoneos;
				TARGETED_DEVICE_FAMILY = "1,2";
				VALIDATE_PRODUCT = YES;
			};
			name = Release;
		};
		460C36131C92ABAA00CC35F1 /* Debug */ = {
			isa = XCBuildConfiguration;
			buildSettings = {
				ASSETCATALOG_COMPILER_APPICON_NAME = AppIcon;
				INFOPLIST_FILE = RoomSimulator/Info.plist;
				LD_RUNPATH_SEARCH_PATHS = "$(inherited) @executable_path/Frameworks";
				PRODUCT_BUNDLE_IDENTIFIER = com.michiganhackers.RoomSimulator;
				PRODUCT_NAME = "$(TARGET_NAME)";
			};
			name = Debug;
		};
		460C36141C92ABAA00CC35F1 /* Release */ = {
			isa = XCBuildConfiguration;
			buildSettings = {
				ASSETCATALOG_COMPILER_APPICON_NAME = AppIcon;
				INFOPLIST_FILE = RoomSimulator/Info.plist;
				LD_RUNPATH_SEARCH_PATHS = "$(inherited) @executable_path/Frameworks";
				PRODUCT_BUNDLE_IDENTIFIER = com.michiganhackers.RoomSimulator;
				PRODUCT_NAME = "$(TARGET_NAME)";
			};
			name = Release;
		};
/* End XCBuildConfiguration section */

/* Begin XCConfigurationList section */
		460C35FB1C92ABAA00CC35F1 /* Build configuration list for PBXProject "RoomSimulator" */ = {
			isa = XCConfigurationList;
			buildConfigurations = (
				460C36101C92ABAA00CC35F1 /* Debug */,
				460C36111C92ABAA00CC35F1 /* Release */,
			);
			defaultConfigurationIsVisible = 0;
			defaultConfigurationName = Release;
		};
		460C36121C92ABAA00CC35F1 /* Build configuration list for PBXNativeTarget "RoomSimulator" */ = {
			isa = XCConfigurationList;
			buildConfigurations = (
				460C36131C92ABAA00CC35F1 /* Debug */,
				460C36141C92ABAA00CC35F1 /* Release */,
			);
			defaultConfigurationIsVisible = 0;
		};
/* End XCConfigurationList section */
	};
	rootObject = 460C35F81C92ABAA00CC35F1 /* Project object */;
}
